schema: '2.0'
stages:
  data_cleaning:
    cmd: python src/data/data_cleaning.py
    deps:
    - path: data/raw/swiggy.csv
      hash: md5
      md5: 5f756e7817146dcbe3d25d2fa2625823
      size: 7772212
    - path: src/data/data_cleaning.py
      hash: md5
      md5: f5ad421aafd57c91a1366fef5b226570
      size: 9519
    outs:
    - path: data/cleaned/swiggy_cleaned.csv
      hash: md5
      md5: 4918716e52fc57babdcd400dfb3c3f29
      size: 4508527
  data_preparation:
    cmd: python src/data/data_preparation.py
    deps:
    - path: data/cleaned/swiggy_cleaned.csv
      hash: md5
      md5: 4918716e52fc57babdcd400dfb3c3f29
      size: 4508527
    - path: src/data/data_preparation.py
      hash: md5
      md5: b0fda8e65e46f3f147e7d31584c69fa1
      size: 3088
    params:
      params.yaml:
        Data_Preparation.random_state: 1
        Data_Preparation.test_size: 0.25
    outs:
    - path: data/interim/test.csv
      hash: md5
      md5: 8764cb40804928ef9966e00963d8ec52
      size: 1126627
    - path: data/interim/train.csv
      hash: md5
      md5: ae6a011d5629ee7c84b364c4c39ebd81
      size: 3378942
  data_preprocessing:
    cmd: python src/features/data_preprocessing.py
    deps:
    - path: data/interim/test.csv
      hash: md5
      md5: 8764cb40804928ef9966e00963d8ec52
      size: 1126627
    - path: data/interim/train.csv
      hash: md5
      md5: ae6a011d5629ee7c84b364c4c39ebd81
      size: 3378942
    - path: src/features/data_preprocessing.py
      hash: md5
      md5: 0bc27bf370a98fa5dd2a4057f3a48f4a
      size: 6949
    outs:
    - path: data/processed/test_trans.csv
      hash: md5
      md5: 4d8f170486847c8e15e98aae21b2eed3
      size: 1361720
    - path: data/processed/train_trans.csv
      hash: md5
      md5: fa6cd128df7df2f6d0943442ab0c598b
      size: 4057013
    - path: models/preprocessor.joblib
      hash: md5
      md5: bb0a5b6ca4cd8f51f3b73d8e7bed0596
      size: 8394
  train:
    cmd: python src/models/train.py
    deps:
    - path: data/processed/train_trans.csv
      hash: md5
      md5: fa6cd128df7df2f6d0943442ab0c598b
      size: 4057013
    - path: src/models/train.py
      hash: md5
      md5: b7b69ed8e77672b21bfffc93336aa161
      size: 4910
    params:
      params.yaml:
        Train.LightGBM:
          n_estimators: 154
          max_depth: 27
          learning_rate: 0.22234435854395157
          subsample: 0.7592213724048168
          min_child_weight: 20
          min_split_gain: 0.004604680609280751
          reg_lambda: 97.81002379097947
          n_jobs: -1
        Train.Random_Forest:
          n_estimators: 479
          criterion: squared_error
          max_depth: 17
          max_features: 1
          min_samples_split: 9
          min_samples_leaf: 2
          max_samples: 0.6603673526197066
          verbose: 1
          n_jobs: -1
    outs:
    - path: models/model.joblib
      hash: md5
      md5: 5f0a1f69a160313b5fd56b8758b49118
      size: 148642488
    - path: models/power_transformer.joblib
      hash: md5
      md5: a0e64fd30cb523dc6ede8c6944d1dc48
      size: 837
    - path: models/stacking_regressor.joblib
      hash: md5
      md5: 4bc439e2089527aef6acda3272cfcad1
      size: 148630938
  evaluation:
    cmd: python src/models/evaluation.py
    deps:
    - path: data/processed/test_trans.csv
      hash: md5
      md5: 4d8f170486847c8e15e98aae21b2eed3
      size: 1361720
    - path: data/processed/train_trans.csv
      hash: md5
      md5: fa6cd128df7df2f6d0943442ab0c598b
      size: 4057013
    - path: models/model.joblib
      hash: md5
      md5: 5f0a1f69a160313b5fd56b8758b49118
      size: 148642488
    - path: src/models/evaluation.py
      hash: md5
      md5: d815953709ee3d280c8722d15f8f43d6
      size: 6047
    outs:
    - path: run_information.json
      hash: md5
      md5: 90eaf2409c1d863943e72aa641e32cb6
      size: 220
  register_model:
    cmd: python src/models/register_model.py
    deps:
    - path: run_information.json
      hash: md5
      md5: 90eaf2409c1d863943e72aa641e32cb6
      size: 220
    - path: src/models/register_model.py
      hash: md5
      md5: 0cc07e841f681734803a4cb743654a53
      size: 2166
