schema: '2.0'
stages:
  data_cleaning:
    cmd: python src/data/data_cleaning.py
    deps:
    - path: data/raw/swiggy.csv
      hash: md5
      md5: 5f756e7817146dcbe3d25d2fa2625823
      size: 7772212
    - path: src/data/data_cleaning.py
      hash: md5
      md5: f5ad421aafd57c91a1366fef5b226570
      size: 9519
    outs:
    - path: data/cleaned/swiggy_cleaned.csv
      hash: md5
      md5: 4918716e52fc57babdcd400dfb3c3f29
      size: 4508527
  data_preparation:
    cmd: python src/data/data_preparation.py
    deps:
    - path: data/cleaned/swiggy_cleaned.csv
      hash: md5
      md5: 4918716e52fc57babdcd400dfb3c3f29
      size: 4508527
    - path: src/data/data_preparation.py
      hash: md5
      md5: b0fda8e65e46f3f147e7d31584c69fa1
      size: 3088
    params:
      params.yaml:
        Data_Preparation.random_state: 35
        Data_Preparation.test_size: 0.25
    outs:
    - path: data/interim/test.csv
      hash: md5
      md5: 5b1e8408ed308188dc72346598995c9e
      size: 1126094
    - path: data/interim/train.csv
      hash: md5
      md5: c77033a6ca116ca1ce244afd39d8ba8a
      size: 3379475
  data_preprocessing:
    cmd: python src/features/data_preprocessing.py
    deps:
    - path: data/interim/test.csv
      hash: md5
      md5: 5b1e8408ed308188dc72346598995c9e
      size: 1126094
    - path: data/interim/train.csv
      hash: md5
      md5: c77033a6ca116ca1ce244afd39d8ba8a
      size: 3379475
    - path: src/features/data_preprocessing.py
      hash: md5
      md5: 0bc27bf370a98fa5dd2a4057f3a48f4a
      size: 6949
    outs:
    - path: data/processed/test_trans.csv
      hash: md5
      md5: 3240531ef2ee83899e8d675e1c18fa98
      size: 1350368
    - path: data/processed/train_trans.csv
      hash: md5
      md5: 4cf4960ff1129898d773091b4e222801
      size: 4068365
    - path: models/preprocessor.joblib
      hash: md5
      md5: 0c2570eec5835077be261c345d931c5f
      size: 8394
  train:
    cmd: python src/models/train.py
    deps:
    - path: data/processed/train_trans.csv
      hash: md5
      md5: 4cf4960ff1129898d773091b4e222801
      size: 4068365
    - path: src/models/train.py
      hash: md5
      md5: b7b69ed8e77672b21bfffc93336aa161
      size: 4910
    params:
      params.yaml:
        Train.LightGBM:
          n_estimators: 154
          max_depth: 27
          learning_rate: 0.22234435854395157
          subsample: 0.7592213724048168
          min_child_weight: 20
          min_split_gain: 0.004604680609280751
          reg_lambda: 97.81002379097947
          n_jobs: -1
        Train.Random_Forest:
          n_estimators: 479
          criterion: squared_error
          max_depth: 17
          max_features: 1
          min_samples_split: 9
          min_samples_leaf: 2
          max_samples: 0.6603673526197066
          verbose: 1
          n_jobs: -1
    outs:
    - path: models/model.joblib
      hash: md5
      md5: 424d519aee457cebca7dafddfc903220
      size: 148766856
    - path: models/power_transformer.joblib
      hash: md5
      md5: 6250113e5238e206903e5ba274148ed9
      size: 837
    - path: models/stacking_regressor.joblib
      hash: md5
      md5: 78d60b3a4fb77e7da7a3b315ec3e9407
      size: 148755290
  evaluation:
    cmd: python src/models/evaluation.py
    deps:
    - path: data/processed/test_trans.csv
      hash: md5
      md5: 3240531ef2ee83899e8d675e1c18fa98
      size: 1350368
    - path: data/processed/train_trans.csv
      hash: md5
      md5: 4cf4960ff1129898d773091b4e222801
      size: 4068365
    - path: models/model.joblib
      hash: md5
      md5: 424d519aee457cebca7dafddfc903220
      size: 148766856
    - path: src/models/evaluation.py
      hash: md5
      md5: d815953709ee3d280c8722d15f8f43d6
      size: 6047
    outs:
    - path: run_information.json
      hash: md5
      md5: 03712482c23c24058e90776269c2e5fe
      size: 220
  register_model:
    cmd: python src/models/register_model.py
    deps:
    - path: run_information.json
      hash: md5
      md5: 03712482c23c24058e90776269c2e5fe
      size: 220
    - path: src/models/register_model.py
      hash: md5
      md5: 0cc07e841f681734803a4cb743654a53
      size: 2166
